{
  "name": "homebrew-immutable",
  "version": "0.0.0",
  "lockfileVersion": 3,
  "requires": true,
  "packages": {
    "": {
      "name": "homebrew-immutable",
      "version": "0.0.0",
      "license": "ISC",
      "dependencies": {
        "source-map-support": "^0.5.21",
        "ts-node": "^10.9.2",
        "typescript": "^5.6.3"
      },
      "devDependencies": {
        "@types/node": "^22.9.0",
        "tslib": "^2.8.1",
        "vite-plugin-swc": "^0.0.2"
      }
    },
    "node_modules/@cspotcode/source-map-support": {
      "version": "0.8.1",
      "resolved": "https://registry.npmjs.org/@cspotcode/source-map-support/-/source-map-support-0.8.1.tgz",
      "integrity": "sha512-IchNf6dN4tHoMFIn/7OE8LWZ19Y6q/67Bmf6vnGREv8RSbBVb9LPJxEcnwrcwX6ixSvaiGoomAUvu4YSxXrVgw==",
      "license": "MIT",
      "dependencies": {
        "@jridgewell/trace-mapping": "0.3.9"
      },
      "engines": {
        "node": ">=12"
      }
    },
    "node_modules/@cspotcode/source-map-support/node_modules/@jridgewell/trace-mapping": {
      "version": "0.3.9",
      "resolved": "https://registry.npmjs.org/@jridgewell/trace-mapping/-/trace-mapping-0.3.9.tgz",
      "integrity": "sha512-3Belt6tdc8bPgAtbcmdtNJlirVoTmEb5e2gC94PnkwEW9jI6CAHUeoG85tjWP5WquqfavoMtMwiG4P926ZKKuQ==",
      "license": "MIT",
      "dependencies": {
        "@jridgewell/resolve-uri": "^3.0.3",
        "@jridgewell/sourcemap-codec": "^1.4.10"
      }
    },
    "node_modules/@esbuild/linux-loong64": {
      "version": "0.14.54",
      "resolved": "https://registry.npmjs.org/@esbuild/linux-loong64/-/linux-loong64-0.14.54.tgz",
      "integrity": "sha512-bZBrLAIX1kpWelV0XemxBZllyRmM6vgFQQG2GdNb+r3Fkp0FOh1NJSvekXDs7jq70k4euu1cryLMfU+mTXlEpw==",
      "cpu": [
        "loong64"
      ],
      "dev": true,
      "license": "MIT",
      "optional": true,
      "os": [
        "linux"
      ],
      "peer": true,
      "engines": {
        "node": ">=12"
      }
    },
    "node_modules/@jridgewell/resolve-uri": {
      "version": "3.1.2",
      "license": "MIT",
      "engines": {
        "node": ">=6.0.0"
      }
    },
    "node_modules/@jridgewell/sourcemap-codec": {
      "version": "1.5.0",
      "license": "MIT"
    },
    "node_modules/@swc/core": {
      "version": "1.9.2",
      "resolved": "https://registry.npmjs.org/@swc/core/-/core-1.9.2.tgz",
      "integrity": "sha512-dYyEkO6mRYtZFpnOsnYzv9rY69fHAHoawYOjGOEcxk9WYtaJhowMdP/w6NcOKnz2G7GlZaenjkzkMa6ZeQeMsg==",
      "devOptional": true,
      "hasInstallScript": true,
      "license": "Apache-2.0",
      "dependencies": {
        "@swc/counter": "^0.1.3",
        "@swc/types": "^0.1.15"
      },
      "engines": {
        "node": ">=10"
      },
      "funding": {
        "type": "opencollective",
        "url": "https://opencollective.com/swc"
      },
      "optionalDependencies": {
        "@swc/core-darwin-arm64": "1.9.2",
        "@swc/core-darwin-x64": "1.9.2",
        "@swc/core-linux-arm-gnueabihf": "1.9.2",
        "@swc/core-linux-arm64-gnu": "1.9.2",
        "@swc/core-linux-arm64-musl": "1.9.2",
        "@swc/core-linux-x64-gnu": "1.9.2",
        "@swc/core-linux-x64-musl": "1.9.2",
        "@swc/core-win32-arm64-msvc": "1.9.2",
        "@swc/core-win32-ia32-msvc": "1.9.2",
        "@swc/core-win32-x64-msvc": "1.9.2"
      },
      "peerDependencies": {
        "@swc/helpers": "*"
      },
      "peerDependenciesMeta": {
        "@swc/helpers": {
          "optional": true
        }
      }
    },
    "node_modules/@swc/core-darwin-arm64": {
      "version": "1.9.2",
      "resolved": "https://registry.npmjs.org/@swc/core-darwin-arm64/-/core-darwin-arm64-1.9.2.tgz",
      "integrity": "sha512-nETmsCoY29krTF2PtspEgicb3tqw7Ci5sInTI03EU5zpqYbPjoPH99BVTjj0OsF53jP5MxwnLI5Hm21lUn1d6A==",
      "cpu": [
        "arm64"
      ],
      "dev": true,
      "license": "Apache-2.0 AND MIT",
      "optional": true,
      "os": [
        "darwin"
      ],
      "engines": {
        "node": ">=10"
      }
    },
    "node_modules/@swc/core-darwin-x64": {
      "version": "1.9.2",
      "resolved": "https://registry.npmjs.org/@swc/core-darwin-x64/-/core-darwin-x64-1.9.2.tgz",
      "integrity": "sha512-9gD+bwBz8ZByjP6nZTXe/hzd0tySIAjpDHgkFiUrc+5zGF+rdTwhcNrzxNHJmy6mw+PW38jqII4uspFHUqqxuQ==",
      "cpu": [
        "x64"
      ],
      "dev": true,
      "license": "Apache-2.0 AND MIT",
      "optional": true,
      "os": [
        "darwin"
      ],
      "engines": {
        "node": ">=10"
      }
    },
    "node_modules/@swc/core-linux-arm-gnueabihf": {
      "version": "1.9.2",
      "resolved": "https://registry.npmjs.org/@swc/core-linux-arm-gnueabihf/-/core-linux-arm-gnueabihf-1.9.2.tgz",
      "integrity": "sha512-kYq8ief1Qrn+WmsTWAYo4r+Coul4dXN6cLFjiPZ29Cv5pyU+GFvSPAB4bEdMzwy99rCR0u2P10UExaeCjurjvg==",
      "cpu": [
        "arm"
      ],
      "dev": true,
      "license": "Apache-2.0",
      "optional": true,
      "os": [
        "linux"
      ],
      "engines": {
        "node": ">=10"
      }
    },
    "node_modules/@swc/core-linux-arm64-gnu": {
      "version": "1.9.2",
      "resolved": "https://registry.npmjs.org/@swc/core-linux-arm64-gnu/-/core-linux-arm64-gnu-1.9.2.tgz",
      "integrity": "sha512-n0W4XiXlmEIVqxt+rD3ZpkogsEWUk1jJ+i5bQNgB+1JuWh0fBE8c/blDgTQXa0GB5lTPVDZQussgdNOCnAZwiA==",
      "cpu": [
        "arm64"
      ],
      "dev": true,
      "license": "Apache-2.0 AND MIT",
      "optional": true,
      "os": [
        "linux"
      ],
      "engines": {
        "node": ">=10"
      }
    },
    "node_modules/@swc/core-linux-arm64-musl": {
      "version": "1.9.2",
      "resolved": "https://registry.npmjs.org/@swc/core-linux-arm64-musl/-/core-linux-arm64-musl-1.9.2.tgz",
      "integrity": "sha512-8xzrOmsyCC1zrx2Wzx/h8dVsdewO1oMCwBTLc1gSJ/YllZYTb04pNm6NsVbzUX2tKddJVRgSJXV10j/NECLwpA==",
      "cpu": [
        "arm64"
      ],
      "dev": true,
      "license": "Apache-2.0 AND MIT",
      "optional": true,
      "os": [
        "linux"
      ],
      "engines": {
        "node": ">=10"
      }
    },
    "node_modules/@swc/core-linux-x64-gnu": {
      "version": "1.9.2",
      "resolved": "https://registry.npmjs.org/@swc/core-linux-x64-gnu/-/core-linux-x64-gnu-1.9.2.tgz",
      "integrity": "sha512-kZrNz/PjRQKcchWF6W292jk3K44EoVu1ad5w+zbS4jekIAxsM8WwQ1kd+yjUlN9jFcF8XBat5NKIs9WphJCVXg==",
      "cpu": [
        "x64"
      ],
      "dev": true,
      "license": "Apache-2.0 AND MIT",
      "optional": true,
      "os": [
        "linux"
      ],
      "engines": {
        "node": ">=10"
      }
    },
    "node_modules/@swc/core-linux-x64-musl": {
      "version": "1.9.2",
      "resolved": "https://registry.npmjs.org/@swc/core-linux-x64-musl/-/core-linux-x64-musl-1.9.2.tgz",
      "integrity": "sha512-TTIpR4rjMkhX1lnFR+PSXpaL83TrQzp9znRdp2TzYrODlUd/R20zOwSo9vFLCyH6ZoD47bccY7QeGZDYT3nlRg==",
      "cpu": [
        "x64"
      ],
      "dev": true,
      "license": "Apache-2.0 AND MIT",
      "optional": true,
      "os": [
        "linux"
      ],
      "engines": {
        "node": ">=10"
      }
    },
    "node_modules/@swc/core-win32-arm64-msvc": {
      "version": "1.9.2",
      "resolved": "https://registry.npmjs.org/@swc/core-win32-arm64-msvc/-/core-win32-arm64-msvc-1.9.2.tgz",
      "integrity": "sha512-+Eg2d4icItKC0PMjZxH7cSYFLWk0aIp94LNmOw6tPq0e69ax6oh10upeq0D1fjWsKLmOJAWEvnXlayZcijEXDw==",
      "cpu": [
        "arm64"
      ],
      "dev": true,
      "license": "Apache-2.0 AND MIT",
      "optional": true,
      "os": [
        "win32"
      ],
      "engines": {
        "node": ">=10"
      }
    },
    "node_modules/@swc/core-win32-ia32-msvc": {
      "version": "1.9.2",
      "resolved": "https://registry.npmjs.org/@swc/core-win32-ia32-msvc/-/core-win32-ia32-msvc-1.9.2.tgz",
      "integrity": "sha512-nLWBi4vZDdM/LkiQmPCakof8Dh1/t5EM7eudue04V1lIcqx9YHVRS3KMwEaCoHLGg0c312Wm4YgrWQd9vwZ5zQ==",
      "cpu": [
        "ia32"
      ],
      "dev": true,
      "license": "Apache-2.0 AND MIT",
      "optional": true,
      "os": [
        "win32"
      ],
      "engines": {
        "node": ">=10"
      }
    },
    "node_modules/@swc/core-win32-x64-msvc": {
      "version": "1.9.2",
      "resolved": "https://registry.npmjs.org/@swc/core-win32-x64-msvc/-/core-win32-x64-msvc-1.9.2.tgz",
      "integrity": "sha512-ik/k+JjRJBFkXARukdU82tSVx0CbExFQoQ78qTO682esbYXzjdB5eLVkoUbwen299pnfr88Kn4kyIqFPTje8Xw==",
      "cpu": [
        "x64"
      ],
      "dev": true,
      "license": "Apache-2.0 AND MIT",
      "optional": true,
      "os": [
        "win32"
      ],
      "engines": {
        "node": ">=10"
      }
    },
    "node_modules/@swc/counter": {
      "version": "0.1.3",
      "resolved": "https://registry.npmjs.org/@swc/counter/-/counter-0.1.3.tgz",
      "integrity": "sha512-e2BR4lsJkkRlKZ/qCHPw9ZaSxc0MVUd7gtbtaB7aMvHeJVYe8sOB8DBZkP2DtISHGSku9sCK6T6cnY0CtXrOCQ==",
      "devOptional": true,
      "license": "Apache-2.0"
    },
    "node_modules/@swc/types": {
      "version": "0.1.15",
      "resolved": "https://registry.npmjs.org/@swc/types/-/types-0.1.15.tgz",
      "integrity": "sha512-XKaZ+dzDIQ9Ot9o89oJQ/aluI17+VvUnIpYJTcZtvv1iYX6MzHh3Ik2CSR7MdPKpPwfZXHBeCingb2b4PoDVdw==",
      "devOptional": true,
      "license": "Apache-2.0",
      "dependencies": {
        "@swc/counter": "^0.1.3"
      }
    },
    "node_modules/@tsconfig/node10": {
      "version": "1.0.11",
      "resolved": "https://registry.npmjs.org/@tsconfig/node10/-/node10-1.0.11.tgz",
      "integrity": "sha512-DcRjDCujK/kCk/cUe8Xz8ZSpm8mS3mNNpta+jGCA6USEDfktlNvm1+IuZ9eTcDbNk41BHwpHHeW+N1lKCz4zOw==",
      "license": "MIT"
    },
    "node_modules/@tsconfig/node12": {
      "version": "1.0.11",
      "resolved": "https://registry.npmjs.org/@tsconfig/node12/-/node12-1.0.11.tgz",
      "integrity": "sha512-cqefuRsh12pWyGsIoBKJA9luFu3mRxCA+ORZvA4ktLSzIuCUtWVxGIuXigEwO5/ywWFMZ2QEGKWvkZG1zDMTag==",
      "license": "MIT"
    },
    "node_modules/@tsconfig/node14": {
      "version": "1.0.3",
      "resolved": "https://registry.npmjs.org/@tsconfig/node14/-/node14-1.0.3.tgz",
      "integrity": "sha512-ysT8mhdixWK6Hw3i1V2AeRqZ5WfXg1G43mqoYlM2nc6388Fq5jcXyr5mRsqViLx/GJYdoL0bfXD8nmF+Zn/Iow==",
      "license": "MIT"
    },
    "node_modules/@tsconfig/node16": {
      "version": "1.0.4",
      "resolved": "https://registry.npmjs.org/@tsconfig/node16/-/node16-1.0.4.tgz",
      "integrity": "sha512-vxhUy4J8lyeyinH7Azl1pdd43GJhZH/tP2weN8TntQblOY+A0XbT8DJk1/oCPuOOyg/Ja757rG0CgHcWC8OfMA==",
      "license": "MIT"
    },
    "node_modules/@types/node": {
      "version": "22.9.0",
      "resolved": "https://registry.npmjs.org/@types/node/-/node-22.9.0.tgz",
      "integrity": "sha512-vuyHg81vvWA1Z1ELfvLko2c8f34gyA0zaic0+Rllc5lbCnbSyuvb2Oxpm6TAUAC/2xZN3QGqxBNggD1nNR2AfQ==",
      "license": "MIT",
      "dependencies": {
        "undici-types": "~6.19.8"
      }
    },
    "node_modules/acorn": {
      "version": "8.14.0",
      "resolved": "https://registry.npmjs.org/acorn/-/acorn-8.14.0.tgz",
      "integrity": "sha512-cl669nCJTZBsL97OF4kUQm5g5hC2uihk0NxY3WENAC0TYdILVkAyHymAntgxGkl7K+t0cXIrH5siy5S4XkFycA==",
      "license": "MIT",
      "bin": {
        "acorn": "bin/acorn"
      },
      "engines": {
        "node": ">=0.4.0"
      }
    },
    "node_modules/acorn-walk": {
      "version": "8.3.4",
      "resolved": "https://registry.npmjs.org/acorn-walk/-/acorn-walk-8.3.4.tgz",
      "integrity": "sha512-ueEepnujpqee2o5aIYnvHU6C0A42MNdsIDeqy5BydrkuC5R1ZuUFnm27EeFJGoEHJQgn3uleRvmTXaJgfXbt4g==",
      "license": "MIT",
      "dependencies": {
        "acorn": "^8.11.0"
      },
      "engines": {
        "node": ">=0.4.0"
      }
    },
    "node_modules/arg": {
      "version": "4.1.3",
      "resolved": "https://registry.npmjs.org/arg/-/arg-4.1.3.tgz",
      "integrity": "sha512-58S9QDqG0Xx27YwPSt9fJxivjYl432YCwfDMfZ+71RAqUrZef7LrKQZ3LHLOwCS4FLNBplP533Zx895SeOCHvA==",
      "license": "MIT"
    },
    "node_modules/buffer-from": {
      "version": "1.1.2",
      "resolved": "https://registry.npmjs.org/buffer-from/-/buffer-from-1.1.2.tgz",
      "integrity": "sha512-E+XQCRwSbaaiChtv6k6Dwgc+bx+Bs6vuKJHHl5kox/BaKbhiXzqQOwK4cO22yElGp2OCmjwVhT3HmxgyPGnJfQ==",
      "license": "MIT"
    },
    "node_modules/create-require": {
      "version": "1.1.1",
      "resolved": "https://registry.npmjs.org/create-require/-/create-require-1.1.1.tgz",
      "integrity": "sha512-dcKFX3jn0MpIaXjisoRvexIJVEKzaq7z2rZKxf+MSr9TkdmHmsU4m2lcLojrj/FHl8mk5VxMmYA+ftRkP/3oKQ==",
      "license": "MIT"
    },
    "node_modules/diff": {
      "version": "4.0.2",
      "resolved": "https://registry.npmjs.org/diff/-/diff-4.0.2.tgz",
      "integrity": "sha512-58lmxKSA4BNyLz+HHMUzlOEpg09FV+ev6ZMe3vJihgdxzgcwZ8VoEEPmALCZG9LmqfVoNMMKpttIYTVG6uDY7A==",
      "license": "BSD-3-Clause",
      "engines": {
        "node": ">=0.3.1"
      }
    },
    "node_modules/esbuild": {
      "version": "0.14.54",
      "resolved": "https://registry.npmjs.org/esbuild/-/esbuild-0.14.54.tgz",
      "integrity": "sha512-Cy9llcy8DvET5uznocPyqL3BFRrFXSVqbgpMJ9Wz8oVjZlh/zUSNbPRbov0VX7VxN2JH1Oa0uNxZ7eLRb62pJA==",
      "dev": true,
      "hasInstallScript": true,
      "license": "MIT",
      "peer": true,
      "bin": {
        "esbuild": "bin/esbuild"
      },
      "engines": {
        "node": ">=12"
      },
      "optionalDependencies": {
        "@esbuild/linux-loong64": "0.14.54",
        "esbuild-android-64": "0.14.54",
        "esbuild-android-arm64": "0.14.54",
        "esbuild-darwin-64": "0.14.54",
        "esbuild-darwin-arm64": "0.14.54",
        "esbuild-freebsd-64": "0.14.54",
        "esbuild-freebsd-arm64": "0.14.54",
        "esbuild-linux-32": "0.14.54",
        "esbuild-linux-64": "0.14.54",
        "esbuild-linux-arm": "0.14.54",
        "esbuild-linux-arm64": "0.14.54",
        "esbuild-linux-mips64le": "0.14.54",
        "esbuild-linux-ppc64le": "0.14.54",
        "esbuild-linux-riscv64": "0.14.54",
        "esbuild-linux-s390x": "0.14.54",
        "esbuild-netbsd-64": "0.14.54",
        "esbuild-openbsd-64": "0.14.54",
        "esbuild-sunos-64": "0.14.54",
        "esbuild-windows-32": "0.14.54",
        "esbuild-windows-64": "0.14.54",
        "esbuild-windows-arm64": "0.14.54"
      }
    },
    "node_modules/esbuild-android-64": {
      "version": "0.14.54",
      "resolved": "https://registry.npmjs.org/esbuild-android-64/-/esbuild-android-64-0.14.54.tgz",
      "integrity": "sha512-Tz2++Aqqz0rJ7kYBfz+iqyE3QMycD4vk7LBRyWaAVFgFtQ/O8EJOnVmTOiDWYZ/uYzB4kvP+bqejYdVKzE5lAQ==",
      "cpu": [
        "x64"
      ],
      "dev": true,
      "license": "MIT",
      "optional": true,
      "os": [
        "android"
      ],
      "peer": true,
      "engines": {
        "node": ">=12"
      }
    },
    "node_modules/esbuild-android-arm64": {
      "version": "0.14.54",
      "resolved": "https://registry.npmjs.org/esbuild-android-arm64/-/esbuild-android-arm64-0.14.54.tgz",
      "integrity": "sha512-F9E+/QDi9sSkLaClO8SOV6etqPd+5DgJje1F9lOWoNncDdOBL2YF59IhsWATSt0TLZbYCf3pNlTHvVV5VfHdvg==",
      "cpu": [
        "arm64"
      ],
      "dev": true,
      "license": "MIT",
      "optional": true,
      "os": [
        "android"
      ],
      "peer": true,
      "engines": {
        "node": ">=12"
      }
    },
    "node_modules/esbuild-darwin-64": {
      "version": "0.14.54",
      "resolved": "https://registry.npmjs.org/esbuild-darwin-64/-/esbuild-darwin-64-0.14.54.tgz",
      "integrity": "sha512-jtdKWV3nBviOd5v4hOpkVmpxsBy90CGzebpbO9beiqUYVMBtSc0AL9zGftFuBon7PNDcdvNCEuQqw2x0wP9yug==",
      "cpu": [
        "x64"
      ],
      "dev": true,
      "license": "MIT",
      "optional": true,
      "os": [
        "darwin"
      ],
      "peer": true,
      "engines": {
        "node": ">=12"
      }
    },
    "node_modules/esbuild-darwin-arm64": {
      "version": "0.14.54",
      "resolved": "https://registry.npmjs.org/esbuild-darwin-arm64/-/esbuild-darwin-arm64-0.14.54.tgz",
      "integrity": "sha512-OPafJHD2oUPyvJMrsCvDGkRrVCar5aVyHfWGQzY1dWnzErjrDuSETxwA2HSsyg2jORLY8yBfzc1MIpUkXlctmw==",
      "cpu": [
        "arm64"
      ],
      "dev": true,
      "license": "MIT",
      "optional": true,
      "os": [
        "darwin"
      ],
      "peer": true,
      "engines": {
        "node": ">=12"
      }
    },
    "node_modules/esbuild-freebsd-64": {
      "version": "0.14.54",
      "resolved": "https://registry.npmjs.org/esbuild-freebsd-64/-/esbuild-freebsd-64-0.14.54.tgz",
      "integrity": "sha512-OKwd4gmwHqOTp4mOGZKe/XUlbDJ4Q9TjX0hMPIDBUWWu/kwhBAudJdBoxnjNf9ocIB6GN6CPowYpR/hRCbSYAg==",
      "cpu": [
        "x64"
      ],
      "dev": true,
      "license": "MIT",
      "optional": true,
      "os": [
        "freebsd"
      ],
      "peer": true,
      "engines": {
        "node": ">=12"
      }
    },
    "node_modules/esbuild-freebsd-arm64": {
      "version": "0.14.54",
      "resolved": "https://registry.npmjs.org/esbuild-freebsd-arm64/-/esbuild-freebsd-arm64-0.14.54.tgz",
      "integrity": "sha512-sFwueGr7OvIFiQT6WeG0jRLjkjdqWWSrfbVwZp8iMP+8UHEHRBvlaxL6IuKNDwAozNUmbb8nIMXa7oAOARGs1Q==",
      "cpu": [
        "arm64"
      ],
      "dev": true,
      "license": "MIT",
      "optional": true,
      "os": [
        "freebsd"
      ],
      "peer": true,
      "engines": {
        "node": ">=12"
      }
    },
    "node_modules/esbuild-linux-32": {
      "version": "0.14.54",
      "resolved": "https://registry.npmjs.org/esbuild-linux-32/-/esbuild-linux-32-0.14.54.tgz",
      "integrity": "sha512-1ZuY+JDI//WmklKlBgJnglpUL1owm2OX+8E1syCD6UAxcMM/XoWd76OHSjl/0MR0LisSAXDqgjT3uJqT67O3qw==",
      "cpu": [
        "ia32"
      ],
      "dev": true,
      "license": "MIT",
      "optional": true,
      "os": [
        "linux"
      ],
      "peer": true,
      "engines": {
        "node": ">=12"
      }
    },
    "node_modules/esbuild-linux-64": {
      "version": "0.14.54",
      "resolved": "https://registry.npmjs.org/esbuild-linux-64/-/esbuild-linux-64-0.14.54.tgz",
      "integrity": "sha512-EgjAgH5HwTbtNsTqQOXWApBaPVdDn7XcK+/PtJwZLT1UmpLoznPd8c5CxqsH2dQK3j05YsB3L17T8vE7cp4cCg==",
      "cpu": [
        "x64"
      ],
      "dev": true,
      "license": "MIT",
      "optional": true,
      "os": [
        "linux"
      ],
      "peer": true,
      "engines": {
        "node": ">=12"
      }
    },
    "node_modules/esbuild-linux-arm": {
      "version": "0.14.54",
      "resolved": "https://registry.npmjs.org/esbuild-linux-arm/-/esbuild-linux-arm-0.14.54.tgz",
      "integrity": "sha512-qqz/SjemQhVMTnvcLGoLOdFpCYbz4v4fUo+TfsWG+1aOu70/80RV6bgNpR2JCrppV2moUQkww+6bWxXRL9YMGw==",
      "cpu": [
        "arm"
      ],
      "dev": true,
      "license": "MIT",
      "optional": true,
      "os": [
        "linux"
      ],
      "peer": true,
      "engines": {
        "node": ">=12"
      }
    },
    "node_modules/esbuild-linux-arm64": {
      "version": "0.14.54",
      "resolved": "https://registry.npmjs.org/esbuild-linux-arm64/-/esbuild-linux-arm64-0.14.54.tgz",
      "integrity": "sha512-WL71L+0Rwv+Gv/HTmxTEmpv0UgmxYa5ftZILVi2QmZBgX3q7+tDeOQNqGtdXSdsL8TQi1vIaVFHUPDe0O0kdig==",
      "cpu": [
        "arm64"
      ],
      "dev": true,
      "license": "MIT",
      "optional": true,
      "os": [
        "linux"
      ],
      "peer": true,
      "engines": {
        "node": ">=12"
      }
    },
    "node_modules/esbuild-linux-mips64le": {
      "version": "0.14.54",
      "resolved": "https://registry.npmjs.org/esbuild-linux-mips64le/-/esbuild-linux-mips64le-0.14.54.tgz",
      "integrity": "sha512-qTHGQB8D1etd0u1+sB6p0ikLKRVuCWhYQhAHRPkO+OF3I/iSlTKNNS0Lh2Oc0g0UFGguaFZZiPJdJey3AGpAlw==",
      "cpu": [
        "mips64el"
      ],
      "dev": true,
      "license": "MIT",
      "optional": true,
      "os": [
        "linux"
      ],
      "peer": true,
      "engines": {
        "node": ">=12"
      }
    },
    "node_modules/esbuild-linux-ppc64le": {
      "version": "0.14.54",
      "resolved": "https://registry.npmjs.org/esbuild-linux-ppc64le/-/esbuild-linux-ppc64le-0.14.54.tgz",
      "integrity": "sha512-j3OMlzHiqwZBDPRCDFKcx595XVfOfOnv68Ax3U4UKZ3MTYQB5Yz3X1mn5GnodEVYzhtZgxEBidLWeIs8FDSfrQ==",
      "cpu": [
        "ppc64"
      ],
      "dev": true,
      "license": "MIT",
      "optional": true,
      "os": [
        "linux"
      ],
      "peer": true,
      "engines": {
        "node": ">=12"
      }
    },
    "node_modules/esbuild-linux-riscv64": {
      "version": "0.14.54",
      "resolved": "https://registry.npmjs.org/esbuild-linux-riscv64/-/esbuild-linux-riscv64-0.14.54.tgz",
      "integrity": "sha512-y7Vt7Wl9dkOGZjxQZnDAqqn+XOqFD7IMWiewY5SPlNlzMX39ocPQlOaoxvT4FllA5viyV26/QzHtvTjVNOxHZg==",
      "cpu": [
        "riscv64"
      ],
      "dev": true,
      "license": "MIT",
      "optional": true,
      "os": [
        "linux"
      ],
      "peer": true,
      "engines": {
        "node": ">=12"
      }
    },
    "node_modules/esbuild-linux-s390x": {
      "version": "0.14.54",
      "resolved": "https://registry.npmjs.org/esbuild-linux-s390x/-/esbuild-linux-s390x-0.14.54.tgz",
      "integrity": "sha512-zaHpW9dziAsi7lRcyV4r8dhfG1qBidQWUXweUjnw+lliChJqQr+6XD71K41oEIC3Mx1KStovEmlzm+MkGZHnHA==",
      "cpu": [
        "s390x"
      ],
      "dev": true,
      "license": "MIT",
      "optional": true,
      "os": [
        "linux"
      ],
      "peer": true,
      "engines": {
        "node": ">=12"
      }
    },
    "node_modules/esbuild-netbsd-64": {
      "version": "0.14.54",
      "resolved": "https://registry.npmjs.org/esbuild-netbsd-64/-/esbuild-netbsd-64-0.14.54.tgz",
      "integrity": "sha512-PR01lmIMnfJTgeU9VJTDY9ZerDWVFIUzAtJuDHwwceppW7cQWjBBqP48NdeRtoP04/AtO9a7w3viI+PIDr6d+w==",
      "cpu": [
        "x64"
      ],
      "dev": true,
      "license": "MIT",
      "optional": true,
      "os": [
        "netbsd"
      ],
      "peer": true,
      "engines": {
        "node": ">=12"
      }
    },
    "node_modules/esbuild-openbsd-64": {
      "version": "0.14.54",
      "resolved": "https://registry.npmjs.org/esbuild-openbsd-64/-/esbuild-openbsd-64-0.14.54.tgz",
      "integrity": "sha512-Qyk7ikT2o7Wu76UsvvDS5q0amJvmRzDyVlL0qf5VLsLchjCa1+IAvd8kTBgUxD7VBUUVgItLkk609ZHUc1oCaw==",
      "cpu": [
        "x64"
      ],
      "dev": true,
      "license": "MIT",
      "optional": true,
      "os": [
        "openbsd"
      ],
      "peer": true,
      "engines": {
        "node": ">=12"
      }
    },
    "node_modules/esbuild-sunos-64": {
      "version": "0.14.54",
      "resolved": "https://registry.npmjs.org/esbuild-sunos-64/-/esbuild-sunos-64-0.14.54.tgz",
      "integrity": "sha512-28GZ24KmMSeKi5ueWzMcco6EBHStL3B6ubM7M51RmPwXQGLe0teBGJocmWhgwccA1GeFXqxzILIxXpHbl9Q/Kw==",
      "cpu": [
        "x64"
      ],
      "dev": true,
      "license": "MIT",
      "optional": true,
      "os": [
        "sunos"
      ],
      "peer": true,
      "engines": {
        "node": ">=12"
      }
    },
    "node_modules/esbuild-windows-32": {
      "version": "0.14.54",
      "resolved": "https://registry.npmjs.org/esbuild-windows-32/-/esbuild-windows-32-0.14.54.tgz",
      "integrity": "sha512-T+rdZW19ql9MjS7pixmZYVObd9G7kcaZo+sETqNH4RCkuuYSuv9AGHUVnPoP9hhuE1WM1ZimHz1CIBHBboLU7w==",
      "cpu": [
        "ia32"
      ],
      "dev": true,
      "license": "MIT",
      "optional": true,
      "os": [
        "win32"
      ],
      "peer": true,
      "engines": {
        "node": ">=12"
      }
    },
    "node_modules/esbuild-windows-64": {
      "version": "0.14.54",
      "resolved": "https://registry.npmjs.org/esbuild-windows-64/-/esbuild-windows-64-0.14.54.tgz",
      "integrity": "sha512-AoHTRBUuYwXtZhjXZbA1pGfTo8cJo3vZIcWGLiUcTNgHpJJMC1rVA44ZereBHMJtotyN71S8Qw0npiCIkW96cQ==",
      "cpu": [
        "x64"
      ],
      "dev": true,
      "license": "MIT",
      "optional": true,
      "os": [
        "win32"
      ],
      "peer": true,
      "engines": {
        "node": ">=12"
      }
    },
    "node_modules/esbuild-windows-arm64": {
      "version": "0.14.54",
      "resolved": "https://registry.npmjs.org/esbuild-windows-arm64/-/esbuild-windows-arm64-0.14.54.tgz",
      "integrity": "sha512-M0kuUvXhot1zOISQGXwWn6YtS+Y/1RT9WrVIOywZnJHo3jCDyewAc79aKNQWFCQm+xNHVTq9h8dZKvygoXQQRg==",
      "cpu": [
        "arm64"
      ],
      "dev": true,
      "license": "MIT",
      "optional": true,
      "os": [
        "win32"
      ],
      "peer": true,
      "engines": {
        "node": ">=12"
      }
    },
    "node_modules/fsevents": {
      "version": "2.3.3",
      "resolved": "https://registry.npmjs.org/fsevents/-/fsevents-2.3.3.tgz",
      "integrity": "sha512-5xoDfX+fL7faATnagmWPpbFtwh/R77WmMMqqHGS65C3vvB0YHrgF+B1YmZ3441tMj5n63k0212XNoJwzlhffQw==",
      "dev": true,
      "hasInstallScript": true,
      "license": "MIT",
      "optional": true,
      "os": [
        "darwin"
      ],
      "peer": true,
      "engines": {
        "node": "^8.16.0 || ^10.6.0 || >=11.0.0"
      }
    },
    "node_modules/function-bind": {
      "version": "1.1.2",
      "resolved": "https://registry.npmjs.org/function-bind/-/function-bind-1.1.2.tgz",
      "integrity": "sha512-7XHNxH7qX9xG5mIwxkhumTox/MIRNcOgDrxWsMt2pAr23WHp6MrRlN7FBSFpCpr+oVO0F744iUgR82nJMfG2SA==",
      "dev": true,
      "license": "MIT",
      "peer": true,
      "funding": {
        "url": "https://github.com/sponsors/ljharb"
      }
    },
    "node_modules/hasown": {
      "version": "2.0.2",
      "resolved": "https://registry.npmjs.org/hasown/-/hasown-2.0.2.tgz",
      "integrity": "sha512-0hJU9SCPvmMzIBdZFqNPXWa6dqh7WdH0cII9y+CyS8rG3nL48Bclra9HmKhVVUHyPWNH5Y7xDwAB7bfgSjkUMQ==",
      "dev": true,
      "license": "MIT",
      "peer": true,
      "dependencies": {
        "function-bind": "^1.1.2"
      },
      "engines": {
        "node": ">= 0.4"
      }
    },
    "node_modules/is-core-module": {
      "version": "2.15.1",
      "resolved": "https://registry.npmjs.org/is-core-module/-/is-core-module-2.15.1.tgz",
      "integrity": "sha512-z0vtXSwucUJtANQWldhbtbt7BnL0vxiFjIdDLAatwhDYty2bad6s+rijD6Ri4YuYJubLzIJLUidCh09e1djEVQ==",
      "dev": true,
      "license": "MIT",
      "peer": true,
      "dependencies": {
        "hasown": "^2.0.2"
      },
      "engines": {
        "node": ">= 0.4"
      },
      "funding": {
        "url": "https://github.com/sponsors/ljharb"
      }
    },
    "node_modules/lodash.merge": {
      "version": "4.6.2",
      "resolved": "https://registry.npmjs.org/lodash.merge/-/lodash.merge-4.6.2.tgz",
      "integrity": "sha512-0KpjqXRVvrYyCsX1swR/XTK0va6VQkQM6MNo7PqW77ByjAhoARA8EfrP1N4+KlKj8YS0ZUCtRT/YUuhyYDujIQ==",
      "dev": true,
      "license": "MIT"
    },
    "node_modules/make-error": {
      "version": "1.3.6",
      "resolved": "https://registry.npmjs.org/make-error/-/make-error-1.3.6.tgz",
      "integrity": "sha512-s8UhlNe7vPKomQhC1qFelMokr/Sc3AgNbso3n74mVPA5LTZwkB9NlXf4XPamLxJE8h0gh73rM94xvwRT2CVInw==",
      "license": "ISC"
    },
    "node_modules/nanoid": {
      "version": "3.3.7",
      "resolved": "https://registry.npmjs.org/nanoid/-/nanoid-3.3.7.tgz",
      "integrity": "sha512-eSRppjcPIatRIMC1U6UngP8XFcz8MQWGQdt1MTBQ7NaAmvXDfvNxbvWV3x2y6CdEUciCSsDHDQZbhYaB8QEo2g==",
      "dev": true,
      "funding": [
        {
          "type": "github",
          "url": "https://github.com/sponsors/ai"
        }
      ],
      "license": "MIT",
      "peer": true,
      "bin": {
        "nanoid": "bin/nanoid.cjs"
      },
      "engines": {
        "node": "^10 || ^12 || ^13.7 || ^14 || >=15.0.1"
      }
    },
    "node_modules/path-parse": {
      "version": "1.0.7",
      "resolved": "https://registry.npmjs.org/path-parse/-/path-parse-1.0.7.tgz",
      "integrity": "sha512-LDJzPVEEEPR+y48z93A0Ed0yXb8pAByGWo/k5YYdYgpY2/2EsOsksJrq7lOHxryrVOn1ejG6oAp8ahvOIQD8sw==",
      "dev": true,
      "license": "MIT",
      "peer": true
    },
    "node_modules/picocolors": {
      "version": "1.1.1",
      "resolved": "https://registry.npmjs.org/picocolors/-/picocolors-1.1.1.tgz",
      "integrity": "sha512-xceH2snhtb5M9liqDsmEw56le376mTZkEX/jEb/RxNFyegNul7eNslCXP9FDj/Lcu0X8KEyMceP2ntpaHrDEVA==",
      "dev": true,
      "license": "ISC",
      "peer": true
    },
    "node_modules/postcss": {
      "version": "8.4.49",
      "resolved": "https://registry.npmjs.org/postcss/-/postcss-8.4.49.tgz",
      "integrity": "sha512-OCVPnIObs4N29kxTjzLfUryOkvZEq+pf8jTF0lg8E7uETuWHA+v7j3c/xJmiqpX450191LlmZfUKkXxkTry7nA==",
      "dev": true,
      "funding": [
        {
          "type": "opencollective",
          "url": "https://opencollective.com/postcss/"
        },
        {
          "type": "tidelift",
          "url": "https://tidelift.com/funding/github/npm/postcss"
        },
        {
          "type": "github",
          "url": "https://github.com/sponsors/ai"
        }
      ],
      "license": "MIT",
      "peer": true,
      "dependencies": {
        "nanoid": "^3.3.7",
        "picocolors": "^1.1.1",
        "source-map-js": "^1.2.1"
      },
      "engines": {
        "node": "^10 || ^12 || >=14"
      }
    },
    "node_modules/resolve": {
      "version": "1.22.8",
      "resolved": "https://registry.npmjs.org/resolve/-/resolve-1.22.8.tgz",
      "integrity": "sha512-oKWePCxqpd6FlLvGV1VU0x7bkPmmCNolxzjMf4NczoDnQcIWrAF+cPtZn5i6n+RfD2d9i0tzpKnG6Yk168yIyw==",
      "dev": true,
      "license": "MIT",
      "peer": true,
      "dependencies": {
        "is-core-module": "^2.13.0",
        "path-parse": "^1.0.7",
        "supports-preserve-symlinks-flag": "^1.0.0"
      },
      "bin": {
        "resolve": "bin/resolve"
      },
      "funding": {
        "url": "https://github.com/sponsors/ljharb"
      }
    },
    "node_modules/rollup": {
      "version": "2.77.3",
      "resolved": "https://registry.npmjs.org/rollup/-/rollup-2.77.3.tgz",
      "integrity": "sha512-/qxNTG7FbmefJWoeeYJFbHehJ2HNWnjkAFRKzWN/45eNBBF/r8lo992CwcJXEzyVxs5FmfId+vTSTQDb+bxA+g==",
      "dev": true,
      "license": "MIT",
      "peer": true,
      "bin": {
        "rollup": "dist/bin/rollup"
      },
      "engines": {
        "node": ">=10.0.0"
      },
      "optionalDependencies": {
        "fsevents": "~2.3.2"
      }
    },
    "node_modules/source-map": {
      "version": "0.6.1",
      "resolved": "https://registry.npmjs.org/source-map/-/source-map-0.6.1.tgz",
      "integrity": "sha512-UjgapumWlbMhkBgzT7Ykc5YXUT46F0iKu8SGXq0bcwP5dz/h0Plj6enJqjz1Zbq2l5WaqYnrVbwWOWMyF3F47g==",
      "license": "BSD-3-Clause",
      "engines": {
        "node": ">=0.10.0"
      }
    },
    "node_modules/source-map-js": {
      "version": "1.2.1",
      "resolved": "https://registry.npmjs.org/source-map-js/-/source-map-js-1.2.1.tgz",
      "integrity": "sha512-UXWMKhLOwVKb728IUtQPXxfYU+usdybtUrK/8uGE8CQMvrhOpwvzDBwj0QhSL7MQc7vIsISBG8VQ8+IDQxpfQA==",
      "dev": true,
      "license": "BSD-3-Clause",
      "peer": true,
      "engines": {
        "node": ">=0.10.0"
      }
    },
    "node_modules/source-map-support": {
      "version": "0.5.21",
      "resolved": "https://registry.npmjs.org/source-map-support/-/source-map-support-0.5.21.tgz",
      "integrity": "sha512-uBHU3L3czsIyYXKX88fdrGovxdSCoTGDRZ6SYXtSRxLZUzHg5P/66Ht6uoUlHu9EZod+inXhKo3qQgwXUT/y1w==",
      "license": "MIT",
      "dependencies": {
        "buffer-from": "^1.0.0",
        "source-map": "^0.6.0"
      }
    },
    "node_modules/supports-preserve-symlinks-flag": {
      "version": "1.0.0",
      "resolved": "https://registry.npmjs.org/supports-preserve-symlinks-flag/-/supports-preserve-symlinks-flag-1.0.0.tgz",
      "integrity": "sha512-ot0WnXS9fgdkgIcePe6RHNk1WA8+muPa6cSjeR3V8K27q9BB1rTE3R1p7Hv0z1ZyAc8s6Vvv8DIyWf681MAt0w==",
      "dev": true,
      "license": "MIT",
      "peer": true,
      "engines": {
        "node": ">= 0.4"
      },
      "funding": {
        "url": "https://github.com/sponsors/ljharb"
      }
    },
    "node_modules/ts-node": {
      "version": "10.9.2",
      "resolved": "https://registry.npmjs.org/ts-node/-/ts-node-10.9.2.tgz",
      "integrity": "sha512-f0FFpIdcHgn8zcPSbf1dRevwt047YMnaiJM3u2w2RewrB+fob/zePZcrOyQoLMMO7aBIddLcQIEK5dYjkLnGrQ==",
      "license": "MIT",
      "dependencies": {
        "@cspotcode/source-map-support": "^0.8.0",
        "@tsconfig/node10": "^1.0.7",
        "@tsconfig/node12": "^1.0.7",
        "@tsconfig/node14": "^1.0.0",
        "@tsconfig/node16": "^1.0.2",
        "acorn": "^8.4.1",
        "acorn-walk": "^8.1.1",
        "arg": "^4.1.0",
        "create-require": "^1.1.0",
        "diff": "^4.0.1",
        "make-error": "^1.1.1",
        "v8-compile-cache-lib": "^3.0.1",
        "yn": "3.1.1"
      },
      "bin": {
        "ts-node": "dist/bin.js",
        "ts-node-cwd": "dist/bin-cwd.js",
        "ts-node-esm": "dist/bin-esm.js",
        "ts-node-script": "dist/bin-script.js",
        "ts-node-transpile-only": "dist/bin-transpile.js",
        "ts-script": "dist/bin-script-deprecated.js"
      },
      "peerDependencies": {
        "@swc/core": ">=1.2.50",
        "@swc/wasm": ">=1.2.50",
        "@types/node": "*",
        "typescript": ">=2.7"
      },
      "peerDependenciesMeta": {
        "@swc/core": {
          "optional": true
        },
        "@swc/wasm": {
          "optional": true
        }
      }
    },
    "node_modules/tslib": {
      "version": "2.8.1",
      "resolved": "https://registry.npmjs.org/tslib/-/tslib-2.8.1.tgz",
      "integrity": "sha512-oJFu94HQb+KVduSUQL7wnpmqnfmLsOA/nAh6b6EH0wCEoK0/mPeXU6c3wKDV83MkOuHPRHtSXKKU99IBazS/2w==",
      "dev": true,
      "license": "0BSD"
    },
    "node_modules/typescript": {
      "version": "5.6.3",
      "resolved": "https://registry.npmjs.org/typescript/-/typescript-5.6.3.tgz",
      "integrity": "sha512-hjcS1mhfuyi4WW8IWtjP7brDrG2cuDZukyrYrSauoXGNgx0S7zceP07adYkJycEr56BOUTNPzbInooiN3fn1qw==",
      "license": "Apache-2.0",
      "bin": {
        "tsc": "bin/tsc",
        "tsserver": "bin/tsserver"
      },
      "engines": {
        "node": ">=14.17"
      }
    },
    "node_modules/undici-types": {
      "version": "6.19.8",
      "resolved": "https://registry.npmjs.org/undici-types/-/undici-types-6.19.8.tgz",
      "integrity": "sha512-ve2KP6f/JnbPBFyobGHuerC9g1FYGn/F8n1LWTwNxCEzd6IfqTwUQcNXgEtmmQ6DlRrC1hrSrBnCZPokRrDHjw==",
      "license": "MIT"
    },
    "node_modules/v8-compile-cache-lib": {
      "version": "3.0.1",
      "resolved": "https://registry.npmjs.org/v8-compile-cache-lib/-/v8-compile-cache-lib-3.0.1.tgz",
      "integrity": "sha512-wa7YjyUGfNZngI/vtK0UHAN+lgDCxBPCylVXGp0zu59Fz5aiGtNXaq3DhIov063MorB+VfufLh3JlF2KdTK3xg==",
      "license": "MIT"
    },
    "node_modules/vite": {
      "version": "2.9.18",
      "resolved": "https://registry.npmjs.org/vite/-/vite-2.9.18.tgz",
      "integrity": "sha512-sAOqI5wNM9QvSEE70W3UGMdT8cyEn0+PmJMTFvTB8wB0YbYUWw3gUbY62AOyrXosGieF2htmeLATvNxpv/zNyQ==",
      "dev": true,
      "license": "MIT",
      "peer": true,
      "dependencies": {
        "esbuild": "^0.14.27",
        "postcss": "^8.4.13",
        "resolve": "^1.22.0",
        "rollup": ">=2.59.0 <2.78.0"
      },
      "bin": {
        "vite": "bin/vite.js"
      },
      "engines": {
        "node": ">=12.2.0"
      },
      "optionalDependencies": {
        "fsevents": "~2.3.2"
      },
      "peerDependencies": {
        "less": "*",
        "sass": "*",
        "stylus": "*"
      },
      "peerDependenciesMeta": {
        "less": {
          "optional": true
        },
        "sass": {
          "optional": true
        },
        "stylus": {
          "optional": true
        }
      }
    },
    "node_modules/vite-plugin-swc": {
      "version": "0.0.2",
      "resolved": "https://registry.npmjs.org/vite-plugin-swc/-/vite-plugin-swc-0.0.2.tgz",
      "integrity": "sha512-8u11xSNvu9IYlLtdCPmAVtbw2caEwPgz+aFiSod6Q4bK4LAHAY4qhiQYPeLq2iGRBRloxDnVOsSQhn9nlwA6YA==",
      "dev": true,
      "license": "ISC",
      "dependencies": {
        "@swc/core": "^1.2.98",
        "lodash.merge": "^4.6.2"
      },
      "peerDependencies": {
        "@swc/core": "^1.2.98",
        "vite": "^2.6.7"
      }
    },
    "node_modules/yn": {
      "version": "3.1.1",
      "resolved": "https://registry.npmjs.org/yn/-/yn-3.1.1.tgz",
      "integrity": "sha512-Ux4ygGWsu2c7isFWe8Yu1YluJmqVhxqK2cLXNQA5AcC3QfbGNpM7fu0Y8b/z16pXLnFxZYvWhd3fhBY9DLmC6Q==",
      "license": "MIT",
      "engines": {
        "node": ">=6"
      }
    }
  }
}
